
Microsoft Visual Studio Solution File, Format Version 12.00
# Visual Studio Version 18
VisualStudioVersion = 18.2.11415.280
MinimumVisualStudioVersion = 10.0.40219.1
Project("{9A19103F-16F7-4668-BE54-9A1E7A4F7556}") = "POS.Common", "POS.Common\POS.Common.csproj", "{D591A163-BB6A-4DCD-A288-1FD4FD7381CB}"
EndProject
Project("{9A19103F-16F7-4668-BE54-9A1E7A4F7556}") = "POS.Data", "POS.Data\POS.Data.csproj", "{65F3FF36-A2BF-4CC7-B05E-A37070AEB20C}"
EndProject
Project("{9A19103F-16F7-4668-BE54-9A1E7A4F7556}") = "POS.Helper", "POS.Helper\POS.Helper.csproj", "{706951AD-CB4E-4E85-841F-1F6EB95290D2}"
EndProject
Project("{9A19103F-16F7-4668-BE54-9A1E7A4F7556}") = "POS.MediatR", "POS.MediatR\POS.MediatR.csproj", "{482155BF-40A7-48EF-8403-5E6D8C8BBFD2}"
EndProject
Project("{9A19103F-16F7-4668-BE54-9A1E7A4F7556}") = "POS.Repository", "POS.Repository\POS.Repository.csproj", "{6BF07180-7465-464A-A868-C38BF21301B8}"
EndProject
Project("{9A19103F-16F7-4668-BE54-9A1E7A4F7556}") = "POS.API", "POS.API\POS.API.csproj", "{C772B3A9-D3A4-40B4-B796-F6B9A50E3E4D}"
EndProject
Project("{FAE04EC0-301F-11D3-BF4B-00C04F79EFBC}") = "POS.DataMigrationUtility", "POS.DataMigrationUtility\POS.DataMigrationUtility.csproj", "{5A37A425-DC24-49E8-A703-90F54FE7E1A7}"
EndProject
Project("{FAE04EC0-301F-11D3-BF4B-00C04F79EFBC}") = "POS.Migrations.Sqlite", "POS.Migrations.Sqlite\POS.Migrations.Sqlite.csproj", "{7298909C-F768-79F0-8143-1EA105DAFBAA}"
EndProject
Project("{FAE04EC0-301F-11D3-BF4B-00C04F79EFBC}") = "POS.Migrations.SqlServer", "POS.Migrations.SqlServer\POS.Migrations.SqlServer.csproj", "{3B312634-43A2-CD2E-1AFD-442E36F32354}"
EndProject
Project("{FAE04EC0-301F-11D3-BF4B-00C04F79EFBC}") = "POS.Migrations.PostgreSQL", "POS.Migrations.PostgreSQL\POS.Migrations.PostgreSQL.csproj", "{C928BC6B-19B6-E926-A230-D713A33C0216}"
EndProject
Project("{2150E333-8FDC-42A3-9474-1A3956D46DE8}") = "Tests", "Tests", "{0AB3BF05-4346-4AA6-1389-037BE0695223}"
EndProject
Project("{FAE04EC0-301F-11D3-BF4B-00C04F79EFBC}") = "POS.API.Tests", "Tests\POS.API.Tests\POS.API.Tests.csproj", "{648AB3B8-B1E5-40C9-98EC-7B4CECF36738}"
EndProject
Global
	GlobalSection(SolutionConfigurationPlatforms) = preSolution
		Debug|Any CPU = Debug|Any CPU
		Debug|x64 = Debug|x64
		Debug|x86 = Debug|x86
		Release|Any CPU = Release|Any CPU
		Release|x64 = Release|x64
		Release|x86 = Release|x86
	EndGlobalSection
	GlobalSection(ProjectConfigurationPlatforms) = postSolution
		{D591A163-BB6A-4DCD-A288-1FD4FD7381CB}.Debug|Any CPU.ActiveCfg = Debug|Any CPU
		{D591A163-BB6A-4DCD-A288-1FD4FD7381CB}.Debug|Any CPU.Build.0 = Debug|Any CPU
		{D591A163-BB6A-4DCD-A288-1FD4FD7381CB}.Debug|x64.ActiveCfg = Debug|Any CPU
		{D591A163-BB6A-4DCD-A288-1FD4FD7381CB}.Debug|x64.Build.0 = Debug|Any CPU
		{D591A163-BB6A-4DCD-A288-1FD4FD7381CB}.Debug|x86.ActiveCfg = Debug|Any CPU
		{D591A163-BB6A-4DCD-A288-1FD4FD7381CB}.Debug|x86.Build.0 = Debug|Any CPU
		{D591A163-BB6A-4DCD-A288-1FD4FD7381CB}.Release|Any CPU.ActiveCfg = Release|Any CPU
		{D591A163-BB6A-4DCD-A288-1FD4FD7381CB}.Release|Any CPU.Build.0 = Release|Any CPU
		{D591A163-BB6A-4DCD-A288-1FD4FD7381CB}.Release|x64.ActiveCfg = Release|Any CPU
		{D591A163-BB6A-4DCD-A288-1FD4FD7381CB}.Release|x64.Build.0 = Release|Any CPU
		{D591A163-BB6A-4DCD-A288-1FD4FD7381CB}.Release|x86.ActiveCfg = Release|Any CPU
		{D591A163-BB6A-4DCD-A288-1FD4FD7381CB}.Release|x86.Build.0 = Release|Any CPU
		{65F3FF36-A2BF-4CC7-B05E-A37070AEB20C}.Debug|Any CPU.ActiveCfg = Debug|Any CPU
		{65F3FF36-A2BF-4CC7-B05E-A37070AEB20C}.Debug|Any CPU.Build.0 = Debug|Any CPU
		{65F3FF36-A2BF-4CC7-B05E-A37070AEB20C}.Debug|x64.ActiveCfg = Debug|Any CPU
		{65F3FF36-A2BF-4CC7-B05E-A37070AEB20C}.Debug|x64.Build.0 = Debug|Any CPU
		{65F3FF36-A2BF-4CC7-B05E-A37070AEB20C}.Debug|x86.ActiveCfg = Debug|Any CPU
		{65F3FF36-A2BF-4CC7-B05E-A37070AEB20C}.Debug|x86.Build.0 = Debug|Any CPU
		{65F3FF36-A2BF-4CC7-B05E-A37070AEB20C}.Release|Any CPU.ActiveCfg = Release|Any CPU
		{65F3FF36-A2BF-4CC7-B05E-A37070AEB20C}.Release|Any CPU.Build.0 = Release|Any CPU
		{65F3FF36-A2BF-4CC7-B05E-A37070AEB20C}.Release|x64.ActiveCfg = Release|Any CPU
		{65F3FF36-A2BF-4CC7-B05E-A37070AEB20C}.Release|x64.Build.0 = Release|Any CPU
		{65F3FF36-A2BF-4CC7-B05E-A37070AEB20C}.Release|x86.ActiveCfg = Release|Any CPU
		{65F3FF36-A2BF-4CC7-B05E-A37070AEB20C}.Release|x86.Build.0 = Release|Any CPU
		{706951AD-CB4E-4E85-841F-1F6EB95290D2}.Debug|Any CPU.ActiveCfg = Debug|Any CPU
		{706951AD-CB4E-4E85-841F-1F6EB95290D2}.Debug|Any CPU.Build.0 = Debug|Any CPU
		{706951AD-CB4E-4E85-841F-1F6EB95290D2}.Debug|x64.ActiveCfg = Debug|Any CPU
		{706951AD-CB4E-4E85-841F-1F6EB95290D2}.Debug|x64.Build.0 = Debug|Any CPU
		{706951AD-CB4E-4E85-841F-1F6EB95290D2}.Debug|x86.ActiveCfg = Debug|Any CPU
		{706951AD-CB4E-4E85-841F-1F6EB95290D2}.Debug|x86.Build.0 = Debug|Any CPU
		{706951AD-CB4E-4E85-841F-1F6EB95290D2}.Release|Any CPU.ActiveCfg = Release|Any CPU
		{706951AD-CB4E-4E85-841F-1F6EB95290D2}.Release|Any CPU.Build.0 = Release|Any CPU
		{706951AD-CB4E-4E85-841F-1F6EB95290D2}.Release|x64.ActiveCfg = Release|Any CPU
		{706951AD-CB4E-4E85-841F-1F6EB95290D2}.Release|x64.Build.0 = Release|Any CPU
		{706951AD-CB4E-4E85-841F-1F6EB95290D2}.Release|x86.ActiveCfg = Release|Any CPU
		{706951AD-CB4E-4E85-841F-1F6EB95290D2}.Release|x86.Build.0 = Release|Any CPU
		{482155BF-40A7-48EF-8403-5E6D8C8BBFD2}.Debug|Any CPU.ActiveCfg = Debug|Any CPU
		{482155BF-40A7-48EF-8403-5E6D8C8BBFD2}.Debug|Any CPU.Build.0 = Debug|Any CPU
		{482155BF-40A7-48EF-8403-5E6D8C8BBFD2}.Debug|x64.ActiveCfg = Debug|Any CPU
		{482155BF-40A7-48EF-8403-5E6D8C8BBFD2}.Debug|x64.Build.0 = Debug|Any CPU
		{482155BF-40A7-48EF-8403-5E6D8C8BBFD2}.Debug|x86.ActiveCfg = Debug|Any CPU
		{482155BF-40A7-48EF-8403-5E6D8C8BBFD2}.Debug|x86.Build.0 = Debug|Any CPU
		{482155BF-40A7-48EF-8403-5E6D8C8BBFD2}.Release|Any CPU.ActiveCfg = Release|Any CPU
		{482155BF-40A7-48EF-8403-5E6D8C8BBFD2}.Release|Any CPU.Build.0 = Release|Any CPU
		{482155BF-40A7-48EF-8403-5E6D8C8BBFD2}.Release|x64.ActiveCfg = Release|Any CPU
		{482155BF-40A7-48EF-8403-5E6D8C8BBFD2}.Release|x64.Build.0 = Release|Any CPU
		{482155BF-40A7-48EF-8403-5E6D8C8BBFD2}.Release|x86.ActiveCfg = Release|Any CPU
		{482155BF-40A7-48EF-8403-5E6D8C8BBFD2}.Release|x86.Build.0 = Release|Any CPU
		{6BF07180-7465-464A-A868-C38BF21301B8}.Debug|Any CPU.ActiveCfg = Debug|Any CPU
		{6BF07180-7465-464A-A868-C38BF21301B8}.Debug|Any CPU.Build.0 = Debug|Any CPU
		{6BF07180-7465-464A-A868-C38BF21301B8}.Debug|x64.ActiveCfg = Debug|Any CPU
		{6BF07180-7465-464A-A868-C38BF21301B8}.Debug|x64.Build.0 = Debug|Any CPU
		{6BF07180-7465-464A-A868-C38BF21301B8}.Debug|x86.ActiveCfg = Debug|Any CPU
		{6BF07180-7465-464A-A868-C38BF21301B8}.Debug|x86.Build.0 = Debug|Any CPU
		{6BF07180-7465-464A-A868-C38BF21301B8}.Release|Any CPU.ActiveCfg = Release|Any CPU
		{6BF07180-7465-464A-A868-C38BF21301B8}.Release|Any CPU.Build.0 = Release|Any CPU
		{6BF07180-7465-464A-A868-C38BF21301B8}.Release|x64.ActiveCfg = Release|Any CPU
		{6BF07180-7465-464A-A868-C38BF21301B8}.Release|x64.Build.0 = Release|Any CPU
		{6BF07180-7465-464A-A868-C38BF21301B8}.Release|x86.ActiveCfg = Release|Any CPU
		{6BF07180-7465-464A-A868-C38BF21301B8}.Release|x86.Build.0 = Release|Any CPU
		{C772B3A9-D3A4-40B4-B796-F6B9A50E3E4D}.Debug|Any CPU.ActiveCfg = Debug|Any CPU
		{C772B3A9-D3A4-40B4-B796-F6B9A50E3E4D}.Debug|Any CPU.Build.0 = Debug|Any CPU
		{C772B3A9-D3A4-40B4-B796-F6B9A50E3E4D}.Debug|x64.ActiveCfg = Debug|Any CPU
		{C772B3A9-D3A4-40B4-B796-F6B9A50E3E4D}.Debug|x64.Build.0 = Debug|Any CPU
		{C772B3A9-D3A4-40B4-B796-F6B9A50E3E4D}.Debug|x86.ActiveCfg = Debug|Any CPU
		{C772B3A9-D3A4-40B4-B796-F6B9A50E3E4D}.Debug|x86.Build.0 = Debug|Any CPU
		{C772B3A9-D3A4-40B4-B796-F6B9A50E3E4D}.Release|Any CPU.ActiveCfg = Release|Any CPU
		{C772B3A9-D3A4-40B4-B796-F6B9A50E3E4D}.Release|Any CPU.Build.0 = Release|Any CPU
		{C772B3A9-D3A4-40B4-B796-F6B9A50E3E4D}.Release|x64.ActiveCfg = Release|Any CPU
		{C772B3A9-D3A4-40B4-B796-F6B9A50E3E4D}.Release|x64.Build.0 = Release|Any CPU
		{C772B3A9-D3A4-40B4-B796-F6B9A50E3E4D}.Release|x86.ActiveCfg = Release|Any CPU
		{C772B3A9-D3A4-40B4-B796-F6B9A50E3E4D}.Release|x86.Build.0 = Release|Any CPU
		{5A37A425-DC24-49E8-A703-90F54FE7E1A7}.Debug|Any CPU.ActiveCfg = Debug|Any CPU
		{5A37A425-DC24-49E8-A703-90F54FE7E1A7}.Debug|Any CPU.Build.0 = Debug|Any CPU
		{5A37A425-DC24-49E8-A703-90F54FE7E1A7}.Debug|x64.ActiveCfg = Debug|Any CPU
		{5A37A425-DC24-49E8-A703-90F54FE7E1A7}.Debug|x64.Build.0 = Debug|Any CPU
		{5A37A425-DC24-49E8-A703-90F54FE7E1A7}.Debug|x86.ActiveCfg = Debug|Any CPU
		{5A37A425-DC24-49E8-A703-90F54FE7E1A7}.Debug|x86.Build.0 = Debug|Any CPU
		{5A37A425-DC24-49E8-A703-90F54FE7E1A7}.Release|Any CPU.ActiveCfg = Release|Any CPU
		{5A37A425-DC24-49E8-A703-90F54FE7E1A7}.Release|Any CPU.Build.0 = Release|Any CPU
		{5A37A425-DC24-49E8-A703-90F54FE7E1A7}.Release|x64.ActiveCfg = Release|Any CPU
		{5A37A425-DC24-49E8-A703-90F54FE7E1A7}.Release|x64.Build.0 = Release|Any CPU
		{5A37A425-DC24-49E8-A703-90F54FE7E1A7}.Release|x86.ActiveCfg = Release|Any CPU
		{5A37A425-DC24-49E8-A703-90F54FE7E1A7}.Release|x86.Build.0 = Release|Any CPU
		{7298909C-F768-79F0-8143-1EA105DAFBAA}.Debug|Any CPU.ActiveCfg = Debug|Any CPU
		{7298909C-F768-79F0-8143-1EA105DAFBAA}.Debug|Any CPU.Build.0 = Debug|Any CPU
		{7298909C-F768-79F0-8143-1EA105DAFBAA}.Debug|x64.ActiveCfg = Debug|Any CPU
		{7298909C-F768-79F0-8143-1EA105DAFBAA}.Debug|x64.Build.0 = Debug|Any CPU
		{7298909C-F768-79F0-8143-1EA105DAFBAA}.Debug|x86.ActiveCfg = Debug|Any CPU
		{7298909C-F768-79F0-8143-1EA105DAFBAA}.Debug|x86.Build.0 = Debug|Any CPU
		{7298909C-F768-79F0-8143-1EA105DAFBAA}.Release|Any CPU.ActiveCfg = Release|Any CPU
		{7298909C-F768-79F0-8143-1EA105DAFBAA}.Release|Any CPU.Build.0 = Release|Any CPU
		{7298909C-F768-79F0-8143-1EA105DAFBAA}.Release|x64.ActiveCfg = Release|Any CPU
		{7298909C-F768-79F0-8143-1EA105DAFBAA}.Release|x64.Build.0 = Release|Any CPU
		{7298909C-F768-79F0-8143-1EA105DAFBAA}.Release|x86.ActiveCfg = Release|Any CPU
		{7298909C-F768-79F0-8143-1EA105DAFBAA}.Release|x86.Build.0 = Release|Any CPU
		{3B312634-43A2-CD2E-1AFD-442E36F32354}.Debug|Any CPU.ActiveCfg = Debug|Any CPU
		{3B312634-43A2-CD2E-1AFD-442E36F32354}.Debug|Any CPU.Build.0 = Debug|Any CPU
		{3B312634-43A2-CD2E-1AFD-442E36F32354}.Debug|x64.ActiveCfg = Debug|Any CPU
		{3B312634-43A2-CD2E-1AFD-442E36F32354}.Debug|x64.Build.0 = Debug|Any CPU
		{3B312634-43A2-CD2E-1AFD-442E36F32354}.Debug|x86.ActiveCfg = Debug|Any CPU
		{3B312634-43A2-CD2E-1AFD-442E36F32354}.Debug|x86.Build.0 = Debug|Any CPU
		{3B312634-43A2-CD2E-1AFD-442E36F32354}.Release|Any CPU.ActiveCfg = Release|Any CPU
		{3B312634-43A2-CD2E-1AFD-442E36F32354}.Release|Any CPU.Build.0 = Release|Any CPU
		{3B312634-43A2-CD2E-1AFD-442E36F32354}.Release|x64.ActiveCfg = Release|Any CPU
		{3B312634-43A2-CD2E-1AFD-442E36F32354}.Release|x64.Build.0 = Release|Any CPU
		{3B312634-43A2-CD2E-1AFD-442E36F32354}.Release|x86.ActiveCfg = Release|Any CPU
		{3B312634-43A2-CD2E-1AFD-442E36F32354}.Release|x86.Build.0 = Release|Any CPU
		{C928BC6B-19B6-E926-A230-D713A33C0216}.Debug|Any CPU.ActiveCfg = Debug|Any CPU
		{C928BC6B-19B6-E926-A230-D713A33C0216}.Debug|Any CPU.Build.0 = Debug|Any CPU
		{C928BC6B-19B6-E926-A230-D713A33C0216}.Debug|x64.ActiveCfg = Debug|Any CPU
		{C928BC6B-19B6-E926-A230-D713A33C0216}.Debug|x64.Build.0 = Debug|Any CPU
		{C928BC6B-19B6-E926-A230-D713A33C0216}.Debug|x86.ActiveCfg = Debug|Any CPU
		{C928BC6B-19B6-E926-A230-D713A33C0216}.Debug|x86.Build.0 = Debug|Any CPU
		{C928BC6B-19B6-E926-A230-D713A33C0216}.Release|Any CPU.ActiveCfg = Release|Any CPU
		{C928BC6B-19B6-E926-A230-D713A33C0216}.Release|Any CPU.Build.0 = Release|Any CPU
		{C928BC6B-19B6-E926-A230-D713A33C0216}.Release|x64.ActiveCfg = Release|Any CPU
		{C928BC6B-19B6-E926-A230-D713A33C0216}.Release|x64.Build.0 = Release|Any CPU
		{C928BC6B-19B6-E926-A230-D713A33C0216}.Release|x86.ActiveCfg = Release|Any CPU
		{C928BC6B-19B6-E926-A230-D713A33C0216}.Release|x86.Build.0 = Release|Any CPU
		{648AB3B8-B1E5-40C9-98EC-7B4CECF36738}.Debug|Any CPU.ActiveCfg = Debug|Any CPU
		{648AB3B8-B1E5-40C9-98EC-7B4CECF36738}.Debug|Any CPU.Build.0 = Debug|Any CPU
		{648AB3B8-B1E5-40C9-98EC-7B4CECF36738}.Debug|x64.ActiveCfg = Debug|Any CPU
		{648AB3B8-B1E5-40C9-98EC-7B4CECF36738}.Debug|x64.Build.0 = Debug|Any CPU
		{648AB3B8-B1E5-40C9-98EC-7B4CECF36738}.Debug|x86.ActiveCfg = Debug|Any CPU
		{648AB3B8-B1E5-40C9-98EC-7B4CECF36738}.Debug|x86.Build.0 = Debug|Any CPU
		{648AB3B8-B1E5-40C9-98EC-7B4CECF36738}.Release|Any CPU.ActiveCfg = Release|Any CPU
		{648AB3B8-B1E5-40C9-98EC-7B4CECF36738}.Release|Any CPU.Build.0 = Release|Any CPU
		{648AB3B8-B1E5-40C9-98EC-7B4CECF36738}.Release|x64.ActiveCfg = Release|Any CPU
		{648AB3B8-B1E5-40C9-98EC-7B4CECF36738}.Release|x64.Build.0 = Release|Any CPU
		{648AB3B8-B1E5-40C9-98EC-7B4CECF36738}.Release|x86.ActiveCfg = Release|Any CPU
		{648AB3B8-B1E5-40C9-98EC-7B4CECF36738}.Release|x86.Build.0 = Release|Any CPU
	EndGlobalSection
	GlobalSection(SolutionProperties) = preSolution
		HideSolutionNode = FALSE
	EndGlobalSection
	GlobalSection(NestedProjects) = preSolution
		{648AB3B8-B1E5-40C9-98EC-7B4CECF36738} = {0AB3BF05-4346-4AA6-1389-037BE0695223}
	EndGlobalSection
	GlobalSection(ExtensibilityGlobals) = postSolution
		SolutionGuid = {55BDC640-E8B5-4E18-87A5-33C77E2698F2}
	EndGlobalSection
EndGlobal
